
Microsoft Visual Studio Solution File, Format Version 12.00
Project("{FAE04EC0-301F-11D3-BF4B-00C04F79EFBC}") = "Microshop.SharedLibrary", "Microshop.SharedLibrary\Microshop.SharedLibrary.csproj", "{22B33C33-D055-49A7-A5C0-1AA186207733}"
EndProject
Project("{2150E333-8FDC-42A3-9474-1A3956D46DE8}") = "Catalog", "Catalog", "{D95EC39F-1F61-49B3-BE69-46DEDD687421}"
EndProject
Project("{FAE04EC0-301F-11D3-BF4B-00C04F79EFBC}") = "Microshop.Catalog.Presentation", "Microshop.Catalog.Presentation\Microshop.Catalog.Presentation.csproj", "{43890431-EE08-4D21-BE04-AFF72DA30643}"
EndProject
Project("{FAE04EC0-301F-11D3-BF4B-00C04F79EFBC}") = "Micrsoshop.Catalog.Application", "Micrsoshop.Catalog.Application\Micrsoshop.Catalog.Application.csproj", "{105268E6-A87E-4874-AFBF-989661CC17E4}"
EndProject
Project("{FAE04EC0-301F-11D3-BF4B-00C04F79EFBC}") = "Microshop.Catalog.Domain", "Microshop.Catalog.Domain\Microshop.Catalog.Domain.csproj", "{73E8DA9E-03F2-43D2-BEA9-45FFCDDD897F}"
EndProject
Project("{FAE04EC0-301F-11D3-BF4B-00C04F79EFBC}") = "Microshop.Catalog.Infrastructure", "Microshop.Catalog.Infrastructure\Microshop.Catalog.Infrastructure.csproj", "{C746DCEC-FE07-4501-BCDE-5077CFA46045}"
EndProject
Project("{2150E333-8FDC-42A3-9474-1A3956D46DE8}") = "Authentication", "Authentication", "{2989388A-051D-4827-85C3-05021EFF63CB}"
EndProject
Project("{FAE04EC0-301F-11D3-BF4B-00C04F79EFBC}") = "Microshop.Authentication", "Microshop.Authentication\Microshop.Authentication.csproj", "{077CFA5B-E68B-461A-8D02-80BEF42B4C74}"
EndProject
Project("{2150E333-8FDC-42A3-9474-1A3956D46DE8}") = "Order", "Order", "{B67DF038-4870-4000-80CC-06A584F4FB33}"
EndProject
Project("{FAE04EC0-301F-11D3-BF4B-00C04F79EFBC}") = "Microshop.Order.Domain", "Microshop.Order.Domain\Microshop.Order.Domain.csproj", "{FF4D236F-D9D0-437F-9F0B-419347F789C4}"
EndProject
Project("{FAE04EC0-301F-11D3-BF4B-00C04F79EFBC}") = "Microshop.Order.Infrastructure", "Microshop.Order.Infrastructure\Microshop.Order.Infrastructure.csproj", "{829C0EED-A58D-42A0-9C18-94341D6BB801}"
EndProject
Project("{FAE04EC0-301F-11D3-BF4B-00C04F79EFBC}") = "Microshop.Order.Presentation", "Microshop.Order.Presentation\Microshop.Order.Presentation.csproj", "{41AB9896-C31F-4012-BF16-F608E0A8089D}"
EndProject
Project("{FAE04EC0-301F-11D3-BF4B-00C04F79EFBC}") = "Microshop.Order.Application", "Microshop.Order.Application\Microshop.Order.Application.csproj", "{8DC51E34-C8B5-481F-B0B3-1E7D1A8F4B0C}"
EndProject
Global
	GlobalSection(SolutionConfigurationPlatforms) = preSolution
		Debug|Any CPU = Debug|Any CPU
		Release|Any CPU = Release|Any CPU
	EndGlobalSection
	GlobalSection(ProjectConfigurationPlatforms) = postSolution
		{22B33C33-D055-49A7-A5C0-1AA186207733}.Debug|Any CPU.ActiveCfg = Debug|Any CPU
		{22B33C33-D055-49A7-A5C0-1AA186207733}.Debug|Any CPU.Build.0 = Debug|Any CPU
		{22B33C33-D055-49A7-A5C0-1AA186207733}.Release|Any CPU.ActiveCfg = Release|Any CPU
		{22B33C33-D055-49A7-A5C0-1AA186207733}.Release|Any CPU.Build.0 = Release|Any CPU
		{43890431-EE08-4D21-BE04-AFF72DA30643}.Debug|Any CPU.ActiveCfg = Debug|Any CPU
		{43890431-EE08-4D21-BE04-AFF72DA30643}.Debug|Any CPU.Build.0 = Debug|Any CPU
		{43890431-EE08-4D21-BE04-AFF72DA30643}.Release|Any CPU.ActiveCfg = Release|Any CPU
		{43890431-EE08-4D21-BE04-AFF72DA30643}.Release|Any CPU.Build.0 = Release|Any CPU
		{105268E6-A87E-4874-AFBF-989661CC17E4}.Debug|Any CPU.ActiveCfg = Debug|Any CPU
		{105268E6-A87E-4874-AFBF-989661CC17E4}.Debug|Any CPU.Build.0 = Debug|Any CPU
		{105268E6-A87E-4874-AFBF-989661CC17E4}.Release|Any CPU.ActiveCfg = Release|Any CPU
		{105268E6-A87E-4874-AFBF-989661CC17E4}.Release|Any CPU.Build.0 = Release|Any CPU
		{73E8DA9E-03F2-43D2-BEA9-45FFCDDD897F}.Debug|Any CPU.ActiveCfg = Debug|Any CPU
		{73E8DA9E-03F2-43D2-BEA9-45FFCDDD897F}.Debug|Any CPU.Build.0 = Debug|Any CPU
		{73E8DA9E-03F2-43D2-BEA9-45FFCDDD897F}.Release|Any CPU.ActiveCfg = Release|Any CPU
		{73E8DA9E-03F2-43D2-BEA9-45FFCDDD897F}.Release|Any CPU.Build.0 = Release|Any CPU
		{C746DCEC-FE07-4501-BCDE-5077CFA46045}.Debug|Any CPU.ActiveCfg = Debug|Any CPU
		{C746DCEC-FE07-4501-BCDE-5077CFA46045}.Debug|Any CPU.Build.0 = Debug|Any CPU
		{C746DCEC-FE07-4501-BCDE-5077CFA46045}.Release|Any CPU.ActiveCfg = Release|Any CPU
		{C746DCEC-FE07-4501-BCDE-5077CFA46045}.Release|Any CPU.Build.0 = Release|Any CPU
		{077CFA5B-E68B-461A-8D02-80BEF42B4C74}.Debug|Any CPU.ActiveCfg = Debug|Any CPU
		{077CFA5B-E68B-461A-8D02-80BEF42B4C74}.Debug|Any CPU.Build.0 = Debug|Any CPU
		{077CFA5B-E68B-461A-8D02-80BEF42B4C74}.Release|Any CPU.ActiveCfg = Release|Any CPU
		{077CFA5B-E68B-461A-8D02-80BEF42B4C74}.Release|Any CPU.Build.0 = Release|Any CPU
		{FF4D236F-D9D0-437F-9F0B-419347F789C4}.Debug|Any CPU.ActiveCfg = Debug|Any CPU
		{FF4D236F-D9D0-437F-9F0B-419347F789C4}.Debug|Any CPU.Build.0 = Debug|Any CPU
		{FF4D236F-D9D0-437F-9F0B-419347F789C4}.Release|Any CPU.ActiveCfg = Release|Any CPU
		{FF4D236F-D9D0-437F-9F0B-419347F789C4}.Release|Any CPU.Build.0 = Release|Any CPU
		{829C0EED-A58D-42A0-9C18-94341D6BB801}.Debug|Any CPU.ActiveCfg = Debug|Any CPU
		{829C0EED-A58D-42A0-9C18-94341D6BB801}.Debug|Any CPU.Build.0 = Debug|Any CPU
		{829C0EED-A58D-42A0-9C18-94341D6BB801}.Release|Any CPU.ActiveCfg = Release|Any CPU
		{829C0EED-A58D-42A0-9C18-94341D6BB801}.Release|Any CPU.Build.0 = Release|Any CPU
		{41AB9896-C31F-4012-BF16-F608E0A8089D}.Debug|Any CPU.ActiveCfg = Debug|Any CPU
		{41AB9896-C31F-4012-BF16-F608E0A8089D}.Debug|Any CPU.Build.0 = Debug|Any CPU
		{41AB9896-C31F-4012-BF16-F608E0A8089D}.Release|Any CPU.ActiveCfg = Release|Any CPU
		{41AB9896-C31F-4012-BF16-F608E0A8089D}.Release|Any CPU.Build.0 = Release|Any CPU
		{8DC51E34-C8B5-481F-B0B3-1E7D1A8F4B0C}.Debug|Any CPU.ActiveCfg = Debug|Any CPU
		{8DC51E34-C8B5-481F-B0B3-1E7D1A8F4B0C}.Debug|Any CPU.Build.0 = Debug|Any CPU
		{8DC51E34-C8B5-481F-B0B3-1E7D1A8F4B0C}.Release|Any CPU.ActiveCfg = Release|Any CPU
		{8DC51E34-C8B5-481F-B0B3-1E7D1A8F4B0C}.Release|Any CPU.Build.0 = Release|Any CPU
	EndGlobalSection
	GlobalSection(NestedProjects) = preSolution
		{43890431-EE08-4D21-BE04-AFF72DA30643} = {D95EC39F-1F61-49B3-BE69-46DEDD687421}
		{105268E6-A87E-4874-AFBF-989661CC17E4} = {D95EC39F-1F61-49B3-BE69-46DEDD687421}
		{73E8DA9E-03F2-43D2-BEA9-45FFCDDD897F} = {D95EC39F-1F61-49B3-BE69-46DEDD687421}
		{C746DCEC-FE07-4501-BCDE-5077CFA46045} = {D95EC39F-1F61-49B3-BE69-46DEDD687421}
		{077CFA5B-E68B-461A-8D02-80BEF42B4C74} = {2989388A-051D-4827-85C3-05021EFF63CB}
		{FF4D236F-D9D0-437F-9F0B-419347F789C4} = {B67DF038-4870-4000-80CC-06A584F4FB33}
		{829C0EED-A58D-42A0-9C18-94341D6BB801} = {B67DF038-4870-4000-80CC-06A584F4FB33}
		{41AB9896-C31F-4012-BF16-F608E0A8089D} = {B67DF038-4870-4000-80CC-06A584F4FB33}
		{8DC51E34-C8B5-481F-B0B3-1E7D1A8F4B0C} = {B67DF038-4870-4000-80CC-06A584F4FB33}
	EndGlobalSection
EndGlobal
